// !$*UTF8*$!
{
	archiveVersion = 1;
	classes = {
	};
	objectVersion = 46;
	objects = {
/* Begin PBXBuildFile section */
		0207DA581B56EA530066E2B4 /* Images.xcassets in Resources */ = {isa = PBXBuildFile; fileRef = 0207DA571B56EA530066E2B4 /* Images.xcassets */; };
		0FB75D29A2CA412C83BE1856 /* CDVWKProcessPoolFactory.m in Sources */ = {isa = PBXBuildFile; fileRef = C33D6990DF544A5ABE7CDA6F /* CDVWKProcessPoolFactory.m */; };
		1330A97582F341D6987F3D9A /* Accelerate.framework in Frameworks */ = {isa = PBXBuildFile; fileRef = AED21ECCEFF04BAEB0D025C1 /* Accelerate.framework */; };
		138889AC695446ACA9C27A84 /* CardIOCordovaPlugin.m in Sources */ = {isa = PBXBuildFile; fileRef = E1C14ACD7941456587ED5430 /* CardIOCordovaPlugin.m */; };
		1579D6ADE6664DB88983EA48 /* GCDWebServerConnection.m in Sources */ = {isa = PBXBuildFile; fileRef = 57EB05DC85F24097912BA195 /* GCDWebServerConnection.m */; };
		18634904344948A09BA927F8 /* Foundation.framework in Frameworks */ = {isa = PBXBuildFile; fileRef = 7BCCFB55836D4834AAF41D59 /* Foundation.framework */; };
		1A3B66D503DB4A7C961DAD78 /* GCDWebServerStreamedResponse.m in Sources */ = {isa = PBXBuildFile; fileRef = CA7C0D0427964E3498B35797 /* GCDWebServerStreamedResponse.m */; };
		1B37CB3B473B41A8B571FB34 /* AudioToolbox.framework in Frameworks */ = {isa = PBXBuildFile; fileRef = EA814F19D0E542DF8A5E392F /* AudioToolbox.framework */; };
		1D3623260D0F684500981E51 /* AppDelegate.m in Sources */ = {isa = PBXBuildFile; fileRef = 1D3623250D0F684500981E51 /* AppDelegate.m */; };
		1D60589B0D05DD56006BFB54 /* main.m in Sources */ = {isa = PBXBuildFile; fileRef = 29B97316FDCFA39411CA2CEA /* main.m */; };
		26123A8304664ED0A2572AFF /* GCDWebServerResponse.m in Sources */ = {isa = PBXBuildFile; fileRef = 70D1FF8EBD894BAE991EC6DF /* GCDWebServerResponse.m */; };
		301BF552109A68D80062928A /* libCordova.a in Frameworks */ = {isa = PBXBuildFile; fileRef = 301BF535109A57CC0062928A /* libCordova.a */; };
		302D95F114D2391D003F00A1 /* MainViewController.m in Sources */ = {isa = PBXBuildFile; fileRef = 302D95EF14D2391D003F00A1 /* MainViewController.m */; };
		302D95F214D2391D003F00A1 /* MainViewController.xib in Resources */ = {isa = PBXBuildFile; fileRef = 302D95F014D2391D003F00A1 /* MainViewController.xib */; };
		3258E828A3DF412DB16E69D8 /* GCDWebServerURLEncodedFormRequest.m in Sources */ = {isa = PBXBuildFile; fileRef = 5BBD4FD161DE404F8E8569F4 /* GCDWebServerURLEncodedFormRequest.m */; };
		414C6B57A4634AF98A2B4A93 /* libCardIO.a in Frameworks */ = {isa = PBXBuildFile; fileRef = B7742C08D75043C99515395C /* libCardIO.a */; };
		47F633F36030472B871FF4FD /* GCDWebServerDataRequest.m in Sources */ = {isa = PBXBuildFile; fileRef = F14DB780753D439D8F10D88D /* GCDWebServerDataRequest.m */; };
		490C055F98134DFD93777C1A /* libopencv_core.a in Frameworks */ = {isa = PBXBuildFile; fileRef = 0A39F333E9D7443C9844FEBC /* libopencv_core.a */; };
		5818B395AE3642E88D8E123A /* CDVSplashScreen.m in Sources */ = {isa = PBXBuildFile; fileRef = 3C124D3E373F49A7922D1AF3 /* CDVSplashScreen.m */; };
		585455607BD84F948EE87783 /* QuartzCore.framework in Frameworks */ = {isa = PBXBuildFile; fileRef = 3EB2362EA6774039A968C3C8 /* QuartzCore.framework */; };
		589DB341287C416694C313CE /* GCDWebServerRequest.m in Sources */ = {isa = PBXBuildFile; fileRef = DA5CFB72C80442789B0FFC3B /* GCDWebServerRequest.m */; };
		5A0E1D2F618B45BE8E2D769B /* AVFoundation.framework in Frameworks */ = {isa = PBXBuildFile; fileRef = 8C840FB4BCEB4BAAA6919B1F /* AVFoundation.framework */; };
		5D715CB45C3846DB956B4EBF /* Fingerprint.swift in Sources */ = {isa = PBXBuildFile; fileRef = C4F7DEC4DA604D5092CFDC08 /* Fingerprint.swift */; };
		64EA3993EF064267B7D3D96A /* GCDWebServerFileRequest.m in Sources */ = {isa = PBXBuildFile; fileRef = FC2A98DBB9F64F0DB7A7ED01 /* GCDWebServerFileRequest.m */; };
		6AFF5BF91D6E424B00AB3073 /* CDVLaunchScreen.storyboard in Resources */ = {isa = PBXBuildFile; fileRef = 6AFF5BF81D6E424B00AB3073 /* CDVLaunchScreen.storyboard */; };
		6B03D5D658DF448A98C5BFFA /* CoreVideo.framework in Frameworks */ = {isa = PBXBuildFile; fileRef = 8E5CC841D025431985B9FE82 /* CoreVideo.framework */; };
		6B50DD11874A45CCA18BAEE1 /* IonicKeyboard.m in Sources */ = {isa = PBXBuildFile; fileRef = 5DAAF2665FD84AB79AB918B6 /* IonicKeyboard.m */; };
		6F725FCD5A6B4895A8955A0E /* libc++.dylib in Frameworks */ = {isa = PBXBuildFile; fileRef = A8F5547BC45047D3813954D5 /* libc++.dylib */; };
		775ACD040BAA4CB2AAFD9E71 /* libz.tbd in Frameworks */ = {isa = PBXBuildFile; fileRef = F931882A8EB84409A0DE9C94 /* libz.tbd */; };
		7B968267B409463F9220C6CE /* ActionSheet.m in Sources */ = {isa = PBXBuildFile; fileRef = E898584C312244E284512204 /* ActionSheet.m */; };
		8AB9BD5A9AFD44709C147E07 /* CDVWKWebViewEngine.m in Sources */ = {isa = PBXBuildFile; fileRef = 63A2FC6DFFB94675AB4FE7B3 /* CDVWKWebViewEngine.m */; };
		9106FFC036804680B8EC517C /* OpenGLES.framework in Frameworks */ = {isa = PBXBuildFile; fileRef = F4C49EA3E708414696A044EE /* OpenGLES.framework */; };
		9406399A2E394D7E93BBE800 /* NativeStorage.m in Sources */ = {isa = PBXBuildFile; fileRef = 6119EE4C1C3E49E7A5977C2B /* NativeStorage.m */; };
		9F1A639FD33C4AF8B441D5E3 /* CoreMedia.framework in Frameworks */ = {isa = PBXBuildFile; fileRef = 20B7C9CB8C6549B38B9B5E1D /* CoreMedia.framework */; };
		A53FA04DC26A4C88AD003638 /* CDVWKWebViewUIDelegate.m in Sources */ = {isa = PBXBuildFile; fileRef = 5925D5CB6EF84D5B893411C6 /* CDVWKWebViewUIDelegate.m */; };
		AF3AE3D2955F45DD844D47A2 /* GCDWebServerDataResponse.m in Sources */ = {isa = PBXBuildFile; fileRef = 1E065EEDD9854F25A2E1ED78 /* GCDWebServerDataResponse.m */; };
		B176F0166B7249C681A0FB19 /* GCDWebServer.m in Sources */ = {isa = PBXBuildFile; fileRef = 2012ADD24AFA44C9A09E2698 /* GCDWebServer.m */; };
		B1CAD06CC3EE4D10ABD9F04E /* CDVDevice.m in Sources */ = {isa = PBXBuildFile; fileRef = 8C48A190CA4E4DF785F91F6C /* CDVDevice.m */; };
		B4CEF4BB2F454A2786145B87 /* GCDWebServerMultiPartFormRequest.m in Sources */ = {isa = PBXBuildFile; fileRef = 529C0368F72B45F384DB5E0E /* GCDWebServerMultiPartFormRequest.m */; };
		B8E03C19F960481F98AA229B /* UIKit.framework in Frameworks */ = {isa = PBXBuildFile; fileRef = 24074455471A41A88F805018 /* UIKit.framework */; };
		C2F5110F070E47AE99D2C0DF /* CDVViewController+SplashScreen.m in Sources */ = {isa = PBXBuildFile; fileRef = 412AF771C49D4DB4AC3DC135 /* CDVViewController+SplashScreen.m */; };
		D6C7733B6C4F4889ACD131F9 /* libopencv_imgproc.a in Frameworks */ = {isa = PBXBuildFile; fileRef = C93279286DB84ABFA6636A92 /* libopencv_imgproc.a */; };
		D85F33BB7BDD4AEB8CB6EFE9 /* GCDWebServerFileResponse.m in Sources */ = {isa = PBXBuildFile; fileRef = 315D5037D1E341309DB84A3B /* GCDWebServerFileResponse.m */; };
		DC9933885E384A6DA948BEE3 /* WebKit.framework in Frameworks */ = {isa = PBXBuildFile; fileRef = DB0CD48416894D0596251C08 /* WebKit.framework */; settings = {ATTRIBUTES = (Weak, ); }; };
		DF7AA607FBE34F7689DD3F89 /* Security.framework in Frameworks */ = {isa = PBXBuildFile; fileRef = 6BE965A2E9EE48BB9922704A /* Security.framework */; };
		E6B1189B40F44ECF81BBF804 /* GCDWebServerErrorResponse.m in Sources */ = {isa = PBXBuildFile; fileRef = FAC533BF79A4483E8E49E71E /* GCDWebServerErrorResponse.m */; };
		F590C92504484D878E5513EC /* GCDWebServerFunctions.m in Sources */ = {isa = PBXBuildFile; fileRef = 1D59B602679D4C7CACB65524 /* GCDWebServerFunctions.m */; };
		7AD7A5D1E156472CB47209E1 /* CDVStatusBar.m in Sources */ = {isa = PBXBuildFile; fileRef = 56009A35C2D54713AF2BC441 /* CDVStatusBar.m */; };
/* End PBXBuildFile section */

/* Begin PBXContainerItemProxy section */
		301BF534109A57CC0062928A /* PBXContainerItemProxy */ = {
			isa = PBXContainerItemProxy;
			containerPortal = 301BF52D109A57CC0062928A /* CordovaLib/CordovaLib.xcodeproj */;
			proxyType = 2;
			remoteGlobalIDString = D2AAC07E0554694100DB518D;
			remoteInfo = CordovaLib;
		};
		301BF550109A68C00062928A /* PBXContainerItemProxy */ = {
			isa = PBXContainerItemProxy;
			containerPortal = 301BF52D109A57CC0062928A /* CordovaLib/CordovaLib.xcodeproj */;
			proxyType = 1;
			remoteGlobalIDString = D2AAC07D0554694100DB518D;
			remoteInfo = CordovaLib;
		};
		92CBD3841FBBD355007D6F32 /* PBXContainerItemProxy */ = {
			isa = PBXContainerItemProxy;
			containerPortal = 301BF52D109A57CC0062928A /* CordovaLib/CordovaLib.xcodeproj */;
			proxyType = 2;
			remoteGlobalIDString = C0C01EB21E3911D50056E6CB;
			remoteInfo = Cordova;
		};
/* End PBXContainerItemProxy section */

/* Begin PBXFileReference section */
		00670D48B4E2429594B77EE9 /* GCDWebServerMultiPartFormRequest.h */ = {isa = PBXFileReference; explicitFileType = undefined; fileEncoding = 4; includeInIndex = 0; lastKnownFileType = sourcecode.c.h; name = GCDWebServerMultiPartFormRequest.h; path = "cordova-plugin-ionic-webview/GCDWebServerMultiPartFormRequest.h"; sourceTree = "<group>"; };
		0207DA571B56EA530066E2B4 /* Images.xcassets */ = {isa = PBXFileReference; lastKnownFileType = folder.assetcatalog; name = Images.xcassets; path = CardWallet/Images.xcassets; sourceTree = SOURCE_ROOT; };
		09221836D10B4550A5576A74 /* CDVWKWebViewEngine.h */ = {isa = PBXFileReference; explicitFileType = undefined; fileEncoding = 4; includeInIndex = 0; lastKnownFileType = sourcecode.c.h; name = CDVWKWebViewEngine.h; path = "cordova-plugin-ionic-webview/CDVWKWebViewEngine.h"; sourceTree = "<group>"; };
		0A39F333E9D7443C9844FEBC /* libopencv_core.a */ = {isa = PBXFileReference; explicitFileType = undefined; fileEncoding = 9; includeInIndex = 0; lastKnownFileType = archive.ar; name = libopencv_core.a; path = CardWallet/Plugins/card.io.cordova.mobilesdk/libopencv_core.a; sourceTree = "<group>"; };
		0DF3B53A945141D38779D737 /* NativeStorage.h */ = {isa = PBXFileReference; explicitFileType = undefined; fileEncoding = 4; includeInIndex = 0; lastKnownFileType = sourcecode.c.h; name = NativeStorage.h; path = "cordova-plugin-nativestorage/NativeStorage.h"; sourceTree = "<group>"; };
		1AA3FB9546E04890AA0AD17E /* CardIOPaymentViewControllerDelegate.h */ = {isa = PBXFileReference; explicitFileType = undefined; fileEncoding = 4; includeInIndex = 0; lastKnownFileType = sourcecode.c.h; name = CardIOPaymentViewControllerDelegate.h; path = card.io.cordova.mobilesdk/CardIOPaymentViewControllerDelegate.h; sourceTree = "<group>"; };
		1D3623240D0F684500981E51 /* AppDelegate.h */ = {isa = PBXFileReference; fileEncoding = 4; lastKnownFileType = sourcecode.c.h; path = AppDelegate.h; sourceTree = "<group>"; };
		1D3623250D0F684500981E51 /* AppDelegate.m */ = {isa = PBXFileReference; fileEncoding = 4; lastKnownFileType = sourcecode.c.objc; path = AppDelegate.m; sourceTree = "<group>"; };
		1D59B602679D4C7CACB65524 /* GCDWebServerFunctions.m */ = {isa = PBXFileReference; explicitFileType = undefined; fileEncoding = 4; includeInIndex = 0; lastKnownFileType = sourcecode.c.objc; name = GCDWebServerFunctions.m; path = "cordova-plugin-ionic-webview/GCDWebServerFunctions.m"; sourceTree = "<group>"; };
		1D6058910D05DD3D006BFB54 /* CardWallet.app */ = {isa = PBXFileReference; explicitFileType = wrapper.application; includeInIndex = 0; path = CardWallet.app; sourceTree = BUILT_PRODUCTS_DIR; };
		1E065EEDD9854F25A2E1ED78 /* GCDWebServerDataResponse.m */ = {isa = PBXFileReference; explicitFileType = undefined; fileEncoding = 4; includeInIndex = 0; lastKnownFileType = sourcecode.c.objc; name = GCDWebServerDataResponse.m; path = "cordova-plugin-ionic-webview/GCDWebServerDataResponse.m"; sourceTree = "<group>"; };
		2012ADD24AFA44C9A09E2698 /* GCDWebServer.m */ = {isa = PBXFileReference; explicitFileType = undefined; fileEncoding = 4; includeInIndex = 0; lastKnownFileType = sourcecode.c.objc; name = GCDWebServer.m; path = "cordova-plugin-ionic-webview/GCDWebServer.m"; sourceTree = "<group>"; };
		20B7C9CB8C6549B38B9B5E1D /* CoreMedia.framework */ = {isa = PBXFileReference; explicitFileType = undefined; fileEncoding = 9; includeInIndex = 0; lastKnownFileType = wrapper.framework; name = CoreMedia.framework; path = System/Library/Frameworks/CoreMedia.framework; sourceTree = SDKROOT; };
		24074455471A41A88F805018 /* UIKit.framework */ = {isa = PBXFileReference; explicitFileType = undefined; fileEncoding = 9; includeInIndex = 0; lastKnownFileType = wrapper.framework; name = UIKit.framework; path = System/Library/Frameworks/UIKit.framework; sourceTree = SDKROOT; };
		29B97316FDCFA39411CA2CEA /* main.m */ = {isa = PBXFileReference; fileEncoding = 4; lastKnownFileType = sourcecode.c.objc; path = main.m; sourceTree = "<group>"; };
		2A516F8C752E49ACB33C3FA0 /* CDVWKProcessPoolFactory.h */ = {isa = PBXFileReference; explicitFileType = undefined; fileEncoding = 4; includeInIndex = 0; lastKnownFileType = sourcecode.c.h; name = CDVWKProcessPoolFactory.h; path = "cordova-plugin-ionic-webview/CDVWKProcessPoolFactory.h"; sourceTree = "<group>"; };
		2F44F3B4F7074A5BAB01581C /* GCDWebServerResponse.h */ = {isa = PBXFileReference; explicitFileType = undefined; fileEncoding = 4; includeInIndex = 0; lastKnownFileType = sourcecode.c.h; name = GCDWebServerResponse.h; path = "cordova-plugin-ionic-webview/GCDWebServerResponse.h"; sourceTree = "<group>"; };
		301BF52D109A57CC0062928A /* CordovaLib/CordovaLib.xcodeproj */ = {isa = PBXFileReference; lastKnownFileType = "wrapper.pb-project"; path = CordovaLib/CordovaLib.xcodeproj; sourceTree = "<group>"; };
		301BF56E109A69640062928A /* www */ = {isa = PBXFileReference; lastKnownFileType = folder; path = www; sourceTree = SOURCE_ROOT; };
		302D95EE14D2391D003F00A1 /* MainViewController.h */ = {isa = PBXFileReference; fileEncoding = 4; lastKnownFileType = sourcecode.c.h; path = MainViewController.h; sourceTree = "<group>"; };
		302D95EF14D2391D003F00A1 /* MainViewController.m */ = {isa = PBXFileReference; fileEncoding = 4; lastKnownFileType = sourcecode.c.objc; path = MainViewController.m; sourceTree = "<group>"; };
		302D95F014D2391D003F00A1 /* MainViewController.xib */ = {isa = PBXFileReference; fileEncoding = 4; lastKnownFileType = file.xib; path = MainViewController.xib; sourceTree = "<group>"; };
		3047A50F1AB8059700498E2A /* build-debug.xcconfig */ = {isa = PBXFileReference; fileEncoding = 4; lastKnownFileType = text.xcconfig; name = "build-debug.xcconfig"; path = "cordova/build-debug.xcconfig"; sourceTree = SOURCE_ROOT; };
		3047A5101AB8059700498E2A /* build-release.xcconfig */ = {isa = PBXFileReference; fileEncoding = 4; lastKnownFileType = text.xcconfig; name = "build-release.xcconfig"; path = "cordova/build-release.xcconfig"; sourceTree = SOURCE_ROOT; };
		3047A5111AB8059700498E2A /* build.xcconfig */ = {isa = PBXFileReference; fileEncoding = 4; lastKnownFileType = text.xcconfig; name = build.xcconfig; path = cordova/build.xcconfig; sourceTree = SOURCE_ROOT; };
		315D5037D1E341309DB84A3B /* GCDWebServerFileResponse.m */ = {isa = PBXFileReference; explicitFileType = undefined; fileEncoding = 4; includeInIndex = 0; lastKnownFileType = sourcecode.c.objc; name = GCDWebServerFileResponse.m; path = "cordova-plugin-ionic-webview/GCDWebServerFileResponse.m"; sourceTree = "<group>"; };
		32CA4F630368D1EE00C91783 /* CardWallet-Prefix.pch */ = {isa = PBXFileReference; fileEncoding = 4; lastKnownFileType = sourcecode.c.h; path = "CardWallet-Prefix.pch"; sourceTree = "<group>"; };
		3C124D3E373F49A7922D1AF3 /* CDVSplashScreen.m */ = {isa = PBXFileReference; explicitFileType = undefined; fileEncoding = 4; includeInIndex = 0; lastKnownFileType = sourcecode.c.objc; name = CDVSplashScreen.m; path = "cordova-plugin-splashscreen/CDVSplashScreen.m"; sourceTree = "<group>"; };
		3D5C7078C13541BB87E65D94 /* GCDWebServer.h */ = {isa = PBXFileReference; explicitFileType = undefined; fileEncoding = 4; includeInIndex = 0; lastKnownFileType = sourcecode.c.h; name = GCDWebServer.h; path = "cordova-plugin-ionic-webview/GCDWebServer.h"; sourceTree = "<group>"; };
		3EB2362EA6774039A968C3C8 /* QuartzCore.framework */ = {isa = PBXFileReference; explicitFileType = undefined; fileEncoding = 9; includeInIndex = 0; lastKnownFileType = wrapper.framework; name = QuartzCore.framework; path = System/Library/Frameworks/QuartzCore.framework; sourceTree = SDKROOT; };
		40863E0692AE4849BCEA43B3 /* CardIOViewDelegate.h */ = {isa = PBXFileReference; explicitFileType = undefined; fileEncoding = 4; includeInIndex = 0; lastKnownFileType = sourcecode.c.h; name = CardIOViewDelegate.h; path = card.io.cordova.mobilesdk/CardIOViewDelegate.h; sourceTree = "<group>"; };
		412AF771C49D4DB4AC3DC135 /* CDVViewController+SplashScreen.m */ = {isa = PBXFileReference; explicitFileType = undefined; fileEncoding = 4; includeInIndex = 0; lastKnownFileType = sourcecode.c.objc; name = "CDVViewController+SplashScreen.m"; path = "cordova-plugin-splashscreen/CDVViewController+SplashScreen.m"; sourceTree = "<group>"; };
		42CB72486D7C4A0CBF79F891 /* GCDWebServerStreamedResponse.h */ = {isa = PBXFileReference; explicitFileType = undefined; fileEncoding = 4; includeInIndex = 0; lastKnownFileType = sourcecode.c.h; name = GCDWebServerStreamedResponse.h; path = "cordova-plugin-ionic-webview/GCDWebServerStreamedResponse.h"; sourceTree = "<group>"; };
		52385BD3908D4E348F40A94E /* GCDWebServerErrorResponse.h */ = {isa = PBXFileReference; explicitFileType = undefined; fileEncoding = 4; includeInIndex = 0; lastKnownFileType = sourcecode.c.h; name = GCDWebServerErrorResponse.h; path = "cordova-plugin-ionic-webview/GCDWebServerErrorResponse.h"; sourceTree = "<group>"; };
		5279DA783CF7403FB902CF9B /* GCDWebServerHTTPStatusCodes.h */ = {isa = PBXFileReference; explicitFileType = undefined; fileEncoding = 4; includeInIndex = 0; lastKnownFileType = sourcecode.c.h; name = GCDWebServerHTTPStatusCodes.h; path = "cordova-plugin-ionic-webview/GCDWebServerHTTPStatusCodes.h"; sourceTree = "<group>"; };
		529C0368F72B45F384DB5E0E /* GCDWebServerMultiPartFormRequest.m */ = {isa = PBXFileReference; explicitFileType = undefined; fileEncoding = 4; includeInIndex = 0; lastKnownFileType = sourcecode.c.objc; name = GCDWebServerMultiPartFormRequest.m; path = "cordova-plugin-ionic-webview/GCDWebServerMultiPartFormRequest.m"; sourceTree = "<group>"; };
		535CBA9FD9A04EDAA7EB1CD4 /* GCDWebServerFileResponse.h */ = {isa = PBXFileReference; explicitFileType = undefined; fileEncoding = 4; includeInIndex = 0; lastKnownFileType = sourcecode.c.h; name = GCDWebServerFileResponse.h; path = "cordova-plugin-ionic-webview/GCDWebServerFileResponse.h"; sourceTree = "<group>"; };
		57EB05DC85F24097912BA195 /* GCDWebServerConnection.m */ = {isa = PBXFileReference; explicitFileType = undefined; fileEncoding = 4; includeInIndex = 0; lastKnownFileType = sourcecode.c.objc; name = GCDWebServerConnection.m; path = "cordova-plugin-ionic-webview/GCDWebServerConnection.m"; sourceTree = "<group>"; };
		5925D5CB6EF84D5B893411C6 /* CDVWKWebViewUIDelegate.m */ = {isa = PBXFileReference; explicitFileType = undefined; fileEncoding = 4; includeInIndex = 0; lastKnownFileType = sourcecode.c.objc; name = CDVWKWebViewUIDelegate.m; path = "cordova-plugin-ionic-webview/CDVWKWebViewUIDelegate.m"; sourceTree = "<group>"; };
		5BBD4FD161DE404F8E8569F4 /* GCDWebServerURLEncodedFormRequest.m */ = {isa = PBXFileReference; explicitFileType = undefined; fileEncoding = 4; includeInIndex = 0; lastKnownFileType = sourcecode.c.objc; name = GCDWebServerURLEncodedFormRequest.m; path = "cordova-plugin-ionic-webview/GCDWebServerURLEncodedFormRequest.m"; sourceTree = "<group>"; };
		5DAAF2665FD84AB79AB918B6 /* IonicKeyboard.m */ = {isa = PBXFileReference; explicitFileType = undefined; fileEncoding = 4; includeInIndex = 0; lastKnownFileType = sourcecode.c.objc; name = IonicKeyboard.m; path = "ionic-plugin-keyboard/IonicKeyboard.m"; sourceTree = "<group>"; };
		5FFB25698B4F4A699CAFDA38 /* GCDWebServerRequest.h */ = {isa = PBXFileReference; explicitFileType = undefined; fileEncoding = 4; includeInIndex = 0; lastKnownFileType = sourcecode.c.h; name = GCDWebServerRequest.h; path = "cordova-plugin-ionic-webview/GCDWebServerRequest.h"; sourceTree = "<group>"; };
		6119EE4C1C3E49E7A5977C2B /* NativeStorage.m */ = {isa = PBXFileReference; explicitFileType = undefined; fileEncoding = 4; includeInIndex = 0; lastKnownFileType = sourcecode.c.objc; name = NativeStorage.m; path = "cordova-plugin-nativestorage/NativeStorage.m"; sourceTree = "<group>"; };
		63A2FC6DFFB94675AB4FE7B3 /* CDVWKWebViewEngine.m */ = {isa = PBXFileReference; explicitFileType = undefined; fileEncoding = 4; includeInIndex = 0; lastKnownFileType = sourcecode.c.objc; name = CDVWKWebViewEngine.m; path = "cordova-plugin-ionic-webview/CDVWKWebViewEngine.m"; sourceTree = "<group>"; };
		67DA5B16126748BD8ED1CC28 /* GCDWebServerFileRequest.h */ = {isa = PBXFileReference; explicitFileType = undefined; fileEncoding = 4; includeInIndex = 0; lastKnownFileType = sourcecode.c.h; name = GCDWebServerFileRequest.h; path = "cordova-plugin-ionic-webview/GCDWebServerFileRequest.h"; sourceTree = "<group>"; };
		6AFF5BF81D6E424B00AB3073 /* CDVLaunchScreen.storyboard */ = {isa = PBXFileReference; fileEncoding = 4; lastKnownFileType = file.storyboard; name = CDVLaunchScreen.storyboard; path = CardWallet/CDVLaunchScreen.storyboard; sourceTree = SOURCE_ROOT; };
		6BE965A2E9EE48BB9922704A /* Security.framework */ = {isa = PBXFileReference; explicitFileType = undefined; fileEncoding = 9; includeInIndex = 0; lastKnownFileType = wrapper.framework; name = Security.framework; path = System/Library/Frameworks/Security.framework; sourceTree = SDKROOT; };
		70D1FF8EBD894BAE991EC6DF /* GCDWebServerResponse.m */ = {isa = PBXFileReference; explicitFileType = undefined; fileEncoding = 4; includeInIndex = 0; lastKnownFileType = sourcecode.c.objc; name = GCDWebServerResponse.m; path = "cordova-plugin-ionic-webview/GCDWebServerResponse.m"; sourceTree = "<group>"; };
		7616BB1A3F554457BAEF58E9 /* GCDWebServerDataResponse.h */ = {isa = PBXFileReference; explicitFileType = undefined; fileEncoding = 4; includeInIndex = 0; lastKnownFileType = sourcecode.c.h; name = GCDWebServerDataResponse.h; path = "cordova-plugin-ionic-webview/GCDWebServerDataResponse.h"; sourceTree = "<group>"; };
		775435ED5E5640F0B9DCD84F /* CDVViewController+SplashScreen.h */ = {isa = PBXFileReference; explicitFileType = undefined; fileEncoding = 4; includeInIndex = 0; lastKnownFileType = sourcecode.c.h; name = "CDVViewController+SplashScreen.h"; path = "cordova-plugin-splashscreen/CDVViewController+SplashScreen.h"; sourceTree = "<group>"; };
		7BCCFB55836D4834AAF41D59 /* Foundation.framework */ = {isa = PBXFileReference; explicitFileType = undefined; fileEncoding = 9; includeInIndex = 0; lastKnownFileType = wrapper.framework; name = Foundation.framework; path = System/Library/Frameworks/Foundation.framework; sourceTree = SDKROOT; };
		7DCF1B6E043543F19E42DE1A /* CardIO.h */ = {isa = PBXFileReference; explicitFileType = undefined; fileEncoding = 4; includeInIndex = 0; lastKnownFileType = sourcecode.c.h; name = CardIO.h; path = card.io.cordova.mobilesdk/CardIO.h; sourceTree = "<group>"; };
		7F62DED94BE54C0894C6E424 /* ActionSheet.h */ = {isa = PBXFileReference; explicitFileType = undefined; fileEncoding = 4; includeInIndex = 0; lastKnownFileType = sourcecode.c.h; name = ActionSheet.h; path = "cordova-plugin-actionsheet/ActionSheet.h"; sourceTree = "<group>"; };
		82177C9F357141D0A2894EF1 /* GCDWebServerFunctions.h */ = {isa = PBXFileReference; explicitFileType = undefined; fileEncoding = 4; includeInIndex = 0; lastKnownFileType = sourcecode.c.h; name = GCDWebServerFunctions.h; path = "cordova-plugin-ionic-webview/GCDWebServerFunctions.h"; sourceTree = "<group>"; };
		834B196355314175BD30FCD8 /* CardIOUtilities.h */ = {isa = PBXFileReference; explicitFileType = undefined; fileEncoding = 4; includeInIndex = 0; lastKnownFileType = sourcecode.c.h; name = CardIOUtilities.h; path = card.io.cordova.mobilesdk/CardIOUtilities.h; sourceTree = "<group>"; };
		87BD480FC5C44CE1ACB2DAAE /* CardIOCreditCardInfo.h */ = {isa = PBXFileReference; explicitFileType = undefined; fileEncoding = 4; includeInIndex = 0; lastKnownFileType = sourcecode.c.h; name = CardIOCreditCardInfo.h; path = card.io.cordova.mobilesdk/CardIOCreditCardInfo.h; sourceTree = "<group>"; };
		89E904D7D0344527853E4D9C /* CardIOPaymentViewController.h */ = {isa = PBXFileReference; explicitFileType = undefined; fileEncoding = 4; includeInIndex = 0; lastKnownFileType = sourcecode.c.h; name = CardIOPaymentViewController.h; path = card.io.cordova.mobilesdk/CardIOPaymentViewController.h; sourceTree = "<group>"; };
		8C48A190CA4E4DF785F91F6C /* CDVDevice.m */ = {isa = PBXFileReference; explicitFileType = undefined; fileEncoding = 4; includeInIndex = 0; lastKnownFileType = sourcecode.c.objc; name = CDVDevice.m; path = "cordova-plugin-device/CDVDevice.m"; sourceTree = "<group>"; };
		8C840FB4BCEB4BAAA6919B1F /* AVFoundation.framework */ = {isa = PBXFileReference; explicitFileType = undefined; fileEncoding = 9; includeInIndex = 0; lastKnownFileType = wrapper.framework; name = AVFoundation.framework; path = System/Library/Frameworks/AVFoundation.framework; sourceTree = SDKROOT; };
		8D1107310486CEB800E47090 /* CardWallet-Info.plist */ = {isa = PBXFileReference; fileEncoding = 4; lastKnownFileType = text.plist.xml; name = "CardWallet-Info.plist"; path = "CardWallet/CardWallet-Info.plist"; plistStructureDefinitionIdentifier = "com.apple.xcode.plist.structure-definition.iphone.info-plist"; sourceTree = SOURCE_ROOT; };
		8E5CC841D025431985B9FE82 /* CoreVideo.framework */ = {isa = PBXFileReference; explicitFileType = undefined; fileEncoding = 9; includeInIndex = 0; lastKnownFileType = wrapper.framework; name = CoreVideo.framework; path = System/Library/Frameworks/CoreVideo.framework; sourceTree = SDKROOT; };
		9437771DE6EF40668CC9D8C8 /* CardIODetectionMode.h */ = {isa = PBXFileReference; explicitFileType = undefined; fileEncoding = 4; includeInIndex = 0; lastKnownFileType = sourcecode.c.h; name = CardIODetectionMode.h; path = card.io.cordova.mobilesdk/CardIODetectionMode.h; sourceTree = "<group>"; };
		950ECFDE3EC64E428ABE070A /* IonicKeyboard.h */ = {isa = PBXFileReference; explicitFileType = undefined; fileEncoding = 4; includeInIndex = 0; lastKnownFileType = sourcecode.c.h; name = IonicKeyboard.h; path = "ionic-plugin-keyboard/IonicKeyboard.h"; sourceTree = "<group>"; };
		A05B069DF28748ABB95D1D35 /* GCDWebServerDataRequest.h */ = {isa = PBXFileReference; explicitFileType = undefined; fileEncoding = 4; includeInIndex = 0; lastKnownFileType = sourcecode.c.h; name = GCDWebServerDataRequest.h; path = "cordova-plugin-ionic-webview/GCDWebServerDataRequest.h"; sourceTree = "<group>"; };
		A0CFA3FB77474617962827F7 /* CardIOCordovaPlugin.h */ = {isa = PBXFileReference; explicitFileType = undefined; fileEncoding = 4; includeInIndex = 0; lastKnownFileType = sourcecode.c.h; name = CardIOCordovaPlugin.h; path = card.io.cordova.mobilesdk/CardIOCordovaPlugin.h; sourceTree = "<group>"; };
		A441D2ED5E464BDAB25E76B9 /* CDVSplashScreen.h */ = {isa = PBXFileReference; explicitFileType = undefined; fileEncoding = 4; includeInIndex = 0; lastKnownFileType = sourcecode.c.h; name = CDVSplashScreen.h; path = "cordova-plugin-splashscreen/CDVSplashScreen.h"; sourceTree = "<group>"; };
		A8F5547BC45047D3813954D5 /* libc++.dylib */ = {isa = PBXFileReference; explicitFileType = undefined; fileEncoding = 9; includeInIndex = 0; lastKnownFileType = "compiled.mach-o.dylib"; name = "libc++.dylib"; path = "usr/lib/libc++.dylib"; sourceTree = SDKROOT; };
		AED21ECCEFF04BAEB0D025C1 /* Accelerate.framework */ = {isa = PBXFileReference; explicitFileType = undefined; fileEncoding = 9; includeInIndex = 0; lastKnownFileType = wrapper.framework; name = Accelerate.framework; path = System/Library/Frameworks/Accelerate.framework; sourceTree = SDKROOT; };
		B7742C08D75043C99515395C /* libCardIO.a */ = {isa = PBXFileReference; explicitFileType = undefined; fileEncoding = 9; includeInIndex = 0; lastKnownFileType = archive.ar; name = libCardIO.a; path = CardWallet/Plugins/card.io.cordova.mobilesdk/libCardIO.a; sourceTree = "<group>"; };
		BAEEF1DD8FC04476A4188C8D /* CDVWKWebViewUIDelegate.h */ = {isa = PBXFileReference; explicitFileType = undefined; fileEncoding = 4; includeInIndex = 0; lastKnownFileType = sourcecode.c.h; name = CDVWKWebViewUIDelegate.h; path = "cordova-plugin-ionic-webview/CDVWKWebViewUIDelegate.h"; sourceTree = "<group>"; };
		BFD97AEE41524ECB97470FD9 /* CardIOView.h */ = {isa = PBXFileReference; explicitFileType = undefined; fileEncoding = 4; includeInIndex = 0; lastKnownFileType = sourcecode.c.h; name = CardIOView.h; path = card.io.cordova.mobilesdk/CardIOView.h; sourceTree = "<group>"; };
		C33D6990DF544A5ABE7CDA6F /* CDVWKProcessPoolFactory.m */ = {isa = PBXFileReference; explicitFileType = undefined; fileEncoding = 4; includeInIndex = 0; lastKnownFileType = sourcecode.c.objc; name = CDVWKProcessPoolFactory.m; path = "cordova-plugin-ionic-webview/CDVWKProcessPoolFactory.m"; sourceTree = "<group>"; };
		C4F7DEC4DA604D5092CFDC08 /* Fingerprint.swift */ = {isa = PBXFileReference; explicitFileType = undefined; fileEncoding = 4; includeInIndex = 0; lastKnownFileType = sourcecode.swift; name = Fingerprint.swift; path = "cordova-plugin-fingerprint-aio/Fingerprint.swift"; sourceTree = "<group>"; };
		C93279286DB84ABFA6636A92 /* libopencv_imgproc.a */ = {isa = PBXFileReference; explicitFileType = undefined; fileEncoding = 9; includeInIndex = 0; lastKnownFileType = archive.ar; name = libopencv_imgproc.a; path = CardWallet/Plugins/card.io.cordova.mobilesdk/libopencv_imgproc.a; sourceTree = "<group>"; };
		CA7C0D0427964E3498B35797 /* GCDWebServerStreamedResponse.m */ = {isa = PBXFileReference; explicitFileType = undefined; fileEncoding = 4; includeInIndex = 0; lastKnownFileType = sourcecode.c.objc; name = GCDWebServerStreamedResponse.m; path = "cordova-plugin-ionic-webview/GCDWebServerStreamedResponse.m"; sourceTree = "<group>"; };
		D0EB4B1E1510495DA2540D80 /* CDVDevice.h */ = {isa = PBXFileReference; explicitFileType = undefined; fileEncoding = 4; includeInIndex = 0; lastKnownFileType = sourcecode.c.h; name = CDVDevice.h; path = "cordova-plugin-device/CDVDevice.h"; sourceTree = "<group>"; };
		D7141BE8BD2D4BE3AE1A0C73 /* GCDWebServerConnection.h */ = {isa = PBXFileReference; explicitFileType = undefined; fileEncoding = 4; includeInIndex = 0; lastKnownFileType = sourcecode.c.h; name = GCDWebServerConnection.h; path = "cordova-plugin-ionic-webview/GCDWebServerConnection.h"; sourceTree = "<group>"; };
		DA5CFB72C80442789B0FFC3B /* GCDWebServerRequest.m */ = {isa = PBXFileReference; explicitFileType = undefined; fileEncoding = 4; includeInIndex = 0; lastKnownFileType = sourcecode.c.objc; name = GCDWebServerRequest.m; path = "cordova-plugin-ionic-webview/GCDWebServerRequest.m"; sourceTree = "<group>"; };
		DB0CD48416894D0596251C08 /* WebKit.framework */ = {isa = PBXFileReference; explicitFileType = undefined; fileEncoding = 9; includeInIndex = 0; lastKnownFileType = wrapper.framework; name = WebKit.framework; path = System/Library/Frameworks/WebKit.framework; sourceTree = SDKROOT; };
		E1C14ACD7941456587ED5430 /* CardIOCordovaPlugin.m */ = {isa = PBXFileReference; explicitFileType = undefined; fileEncoding = 4; includeInIndex = 0; lastKnownFileType = sourcecode.c.objc; name = CardIOCordovaPlugin.m; path = card.io.cordova.mobilesdk/CardIOCordovaPlugin.m; sourceTree = "<group>"; };
		E898584C312244E284512204 /* ActionSheet.m */ = {isa = PBXFileReference; explicitFileType = undefined; fileEncoding = 4; includeInIndex = 0; lastKnownFileType = sourcecode.c.objc; name = ActionSheet.m; path = "cordova-plugin-actionsheet/ActionSheet.m"; sourceTree = "<group>"; };
		E98361A250C24BC29BDADF9A /* GCDWebServerPrivate.h */ = {isa = PBXFileReference; explicitFileType = undefined; fileEncoding = 4; includeInIndex = 0; lastKnownFileType = sourcecode.c.h; name = GCDWebServerPrivate.h; path = "cordova-plugin-ionic-webview/GCDWebServerPrivate.h"; sourceTree = "<group>"; };
		EA814F19D0E542DF8A5E392F /* AudioToolbox.framework */ = {isa = PBXFileReference; explicitFileType = undefined; fileEncoding = 9; includeInIndex = 0; lastKnownFileType = wrapper.framework; name = AudioToolbox.framework; path = System/Library/Frameworks/AudioToolbox.framework; sourceTree = SDKROOT; };
		EB87FDF31871DA8E0020F90C /* www */ = {isa = PBXFileReference; lastKnownFileType = folder; name = www; path = ../../www; sourceTree = "<group>"; };
		EB87FDF41871DAF40020F90C /* config.xml */ = {isa = PBXFileReference; lastKnownFileType = text.xml; name = config.xml; path = ../../config.xml; sourceTree = "<group>"; };
		ED33DF2A687741AEAF9F8254 /* Bridging-Header.h */ = {isa = PBXFileReference; fileEncoding = 4; lastKnownFileType = sourcecode.c.h; path = "Bridging-Header.h"; sourceTree = "<group>"; };
		F14DB780753D439D8F10D88D /* GCDWebServerDataRequest.m */ = {isa = PBXFileReference; explicitFileType = undefined; fileEncoding = 4; includeInIndex = 0; lastKnownFileType = sourcecode.c.objc; name = GCDWebServerDataRequest.m; path = "cordova-plugin-ionic-webview/GCDWebServerDataRequest.m"; sourceTree = "<group>"; };
		F4C49EA3E708414696A044EE /* OpenGLES.framework */ = {isa = PBXFileReference; explicitFileType = undefined; fileEncoding = 9; includeInIndex = 0; lastKnownFileType = wrapper.framework; name = OpenGLES.framework; path = System/Library/Frameworks/OpenGLES.framework; sourceTree = SDKROOT; };
		F7BC2A7BB875446B8FD6A870 /* GCDWebServerURLEncodedFormRequest.h */ = {isa = PBXFileReference; explicitFileType = undefined; fileEncoding = 4; includeInIndex = 0; lastKnownFileType = sourcecode.c.h; name = GCDWebServerURLEncodedFormRequest.h; path = "cordova-plugin-ionic-webview/GCDWebServerURLEncodedFormRequest.h"; sourceTree = "<group>"; };
		F840E1F0165FE0F500CFE078 /* config.xml */ = {isa = PBXFileReference; lastKnownFileType = text.xml; name = config.xml; path = CardWallet/config.xml; sourceTree = "<group>"; };
		F931882A8EB84409A0DE9C94 /* libz.tbd */ = {isa = PBXFileReference; explicitFileType = undefined; fileEncoding = 9; includeInIndex = 0; lastKnownFileType = "sourcecode.text-based-dylib-definition"; name = libz.tbd; path = usr/lib/libz.tbd; sourceTree = SDKROOT; };
		FAC533BF79A4483E8E49E71E /* GCDWebServerErrorResponse.m */ = {isa = PBXFileReference; explicitFileType = undefined; fileEncoding = 4; includeInIndex = 0; lastKnownFileType = sourcecode.c.objc; name = GCDWebServerErrorResponse.m; path = "cordova-plugin-ionic-webview/GCDWebServerErrorResponse.m"; sourceTree = "<group>"; };
		FC2A98DBB9F64F0DB7A7ED01 /* GCDWebServerFileRequest.m */ = {isa = PBXFileReference; explicitFileType = undefined; fileEncoding = 4; includeInIndex = 0; lastKnownFileType = sourcecode.c.objc; name = GCDWebServerFileRequest.m; path = "cordova-plugin-ionic-webview/GCDWebServerFileRequest.m"; sourceTree = "<group>"; };
		56009A35C2D54713AF2BC441 /* CDVStatusBar.m */ = {isa = PBXFileReference; name = "CDVStatusBar.m"; path = "cordova-plugin-statusbar/CDVStatusBar.m"; sourceTree = "<group>"; fileEncoding = 4; lastKnownFileType = sourcecode.c.objc; explicitFileType = undefined; includeInIndex = 0; };
		B6F442BD8C1044189DEC9908 /* CDVStatusBar.h */ = {isa = PBXFileReference; name = "CDVStatusBar.h"; path = "cordova-plugin-statusbar/CDVStatusBar.h"; sourceTree = "<group>"; fileEncoding = 4; lastKnownFileType = sourcecode.c.h; explicitFileType = undefined; includeInIndex = 0; };
/* End PBXFileReference section */

/* Begin PBXFrameworksBuildPhase section */
		1D60588F0D05DD3D006BFB54 /* Frameworks */ = {
			isa = PBXFrameworksBuildPhase;
			buildActionMask = 2147483647;
			files = (
				301BF552109A68D80062928A /* libCordova.a in Frameworks */,
				414C6B57A4634AF98A2B4A93 /* libCardIO.a in Frameworks */,
				490C055F98134DFD93777C1A /* libopencv_core.a in Frameworks */,
				D6C7733B6C4F4889ACD131F9 /* libopencv_imgproc.a in Frameworks */,
				1330A97582F341D6987F3D9A /* Accelerate.framework in Frameworks */,
				1B37CB3B473B41A8B571FB34 /* AudioToolbox.framework in Frameworks */,
				5A0E1D2F618B45BE8E2D769B /* AVFoundation.framework in Frameworks */,
				9F1A639FD33C4AF8B441D5E3 /* CoreMedia.framework in Frameworks */,
				6B03D5D658DF448A98C5BFFA /* CoreVideo.framework in Frameworks */,
				18634904344948A09BA927F8 /* Foundation.framework in Frameworks */,
				9106FFC036804680B8EC517C /* OpenGLES.framework in Frameworks */,
				585455607BD84F948EE87783 /* QuartzCore.framework in Frameworks */,
				DF7AA607FBE34F7689DD3F89 /* Security.framework in Frameworks */,
				B8E03C19F960481F98AA229B /* UIKit.framework in Frameworks */,
				6F725FCD5A6B4895A8955A0E /* libc++.dylib in Frameworks */,
				DC9933885E384A6DA948BEE3 /* WebKit.framework in Frameworks */,
				775ACD040BAA4CB2AAFD9E71 /* libz.tbd in Frameworks */,
			);
			runOnlyForDeploymentPostprocessing = 0;
		};
/* End PBXFrameworksBuildPhase section */

/* Begin PBXGroup section */
		080E96DDFE201D6D7F000001 /* Classes */ = {
			isa = PBXGroup;
			children = (
				302D95EE14D2391D003F00A1 /* MainViewController.h */,
				302D95EF14D2391D003F00A1 /* MainViewController.m */,
				302D95F014D2391D003F00A1 /* MainViewController.xib */,
				1D3623240D0F684500981E51 /* AppDelegate.h */,
				1D3623250D0F684500981E51 /* AppDelegate.m */,
			);
			name = Classes;
			path = CardWallet/Classes;
			sourceTree = SOURCE_ROOT;
		};
		19C28FACFE9D520D11CA2CBB /* Products */ = {
			isa = PBXGroup;
			children = (
				1D6058910D05DD3D006BFB54 /* CardWallet.app */,
			);
			name = Products;
			sourceTree = "<group>";
		};
		29B97314FDCFA39411CA2CEA /* CustomTemplate */ = {
			isa = PBXGroup;
			children = (
				EB87FDF41871DAF40020F90C /* config.xml */,
				EB87FDF31871DA8E0020F90C /* www */,
				EB87FDF11871DA420020F90C /* Staging */,
				301BF52D109A57CC0062928A /* CordovaLib/CordovaLib.xcodeproj */,
				080E96DDFE201D6D7F000001 /* Classes */,
				307C750510C5A3420062BCA9 /* Plugins */,
				29B97315FDCFA39411CA2CEA /* Other Sources */,
				29B97317FDCFA39411CA2CEA /* Resources */,
				29B97323FDCFA39411CA2CEA /* Frameworks */,
				19C28FACFE9D520D11CA2CBB /* Products */,
			);
			name = CustomTemplate;
			sourceTree = "<group>";
		};
		29B97315FDCFA39411CA2CEA /* Other Sources */ = {
			isa = PBXGroup;
			children = (
				32CA4F630368D1EE00C91783 /* CardWallet-Prefix.pch */,
				29B97316FDCFA39411CA2CEA /* main.m */,
				ED33DF2A687741AEAF9F8254 /* Bridging-Header.h */,
			);
			name = "Other Sources";
			path = CardWallet;
			sourceTree = "<group>";
		};
		29B97317FDCFA39411CA2CEA /* Resources */ = {
			isa = PBXGroup;
			children = (
				0207DA571B56EA530066E2B4 /* Images.xcassets */,
				3047A50E1AB8057F00498E2A /* config */,
				8D1107310486CEB800E47090 /* CardWallet-Info.plist */,
				6AFF5BF81D6E424B00AB3073 /* CDVLaunchScreen.storyboard */,
			);
			name = Resources;
			path = CardWallet/Resources;
			sourceTree = "<group>";
		};
		29B97323FDCFA39411CA2CEA /* Frameworks */ = {
			isa = PBXGroup;
			children = (
				B7742C08D75043C99515395C /* libCardIO.a */,
				0A39F333E9D7443C9844FEBC /* libopencv_core.a */,
				C93279286DB84ABFA6636A92 /* libopencv_imgproc.a */,
				AED21ECCEFF04BAEB0D025C1 /* Accelerate.framework */,
				EA814F19D0E542DF8A5E392F /* AudioToolbox.framework */,
				8C840FB4BCEB4BAAA6919B1F /* AVFoundation.framework */,
				20B7C9CB8C6549B38B9B5E1D /* CoreMedia.framework */,
				8E5CC841D025431985B9FE82 /* CoreVideo.framework */,
				7BCCFB55836D4834AAF41D59 /* Foundation.framework */,
				F4C49EA3E708414696A044EE /* OpenGLES.framework */,
				3EB2362EA6774039A968C3C8 /* QuartzCore.framework */,
				6BE965A2E9EE48BB9922704A /* Security.framework */,
				24074455471A41A88F805018 /* UIKit.framework */,
				A8F5547BC45047D3813954D5 /* libc++.dylib */,
				DB0CD48416894D0596251C08 /* WebKit.framework */,
				F931882A8EB84409A0DE9C94 /* libz.tbd */,
			);
			name = Frameworks;
			sourceTree = "<group>";
		};
		301BF52E109A57CC0062928A /* Products */ = {
			isa = PBXGroup;
			children = (
				301BF535109A57CC0062928A /* libCordova.a */,
				92CBD3851FBBD355007D6F32 /* Cordova.framework */,
			);
			name = Products;
			sourceTree = "<group>";
		};
		3047A50E1AB8057F00498E2A /* config */ = {
			isa = PBXGroup;
			children = (
				3047A50F1AB8059700498E2A /* build-debug.xcconfig */,
				3047A5101AB8059700498E2A /* build-release.xcconfig */,
				3047A5111AB8059700498E2A /* build.xcconfig */,
			);
			name = config;
			sourceTree = "<group>";
		};
		307C750510C5A3420062BCA9 /* Plugins */ = {
			isa = PBXGroup;
			children = (
				E1C14ACD7941456587ED5430 /* CardIOCordovaPlugin.m */,
				A0CFA3FB77474617962827F7 /* CardIOCordovaPlugin.h */,
				7DCF1B6E043543F19E42DE1A /* CardIO.h */,
				87BD480FC5C44CE1ACB2DAAE /* CardIOCreditCardInfo.h */,
				9437771DE6EF40668CC9D8C8 /* CardIODetectionMode.h */,
				89E904D7D0344527853E4D9C /* CardIOPaymentViewController.h */,
				1AA3FB9546E04890AA0AD17E /* CardIOPaymentViewControllerDelegate.h */,
				834B196355314175BD30FCD8 /* CardIOUtilities.h */,
				BFD97AEE41524ECB97470FD9 /* CardIOView.h */,
				40863E0692AE4849BCEA43B3 /* CardIOViewDelegate.h */,
				E898584C312244E284512204 /* ActionSheet.m */,
				7F62DED94BE54C0894C6E424 /* ActionSheet.h */,
				8C48A190CA4E4DF785F91F6C /* CDVDevice.m */,
				D0EB4B1E1510495DA2540D80 /* CDVDevice.h */,
				C4F7DEC4DA604D5092CFDC08 /* Fingerprint.swift */,
				63A2FC6DFFB94675AB4FE7B3 /* CDVWKWebViewEngine.m */,
				5925D5CB6EF84D5B893411C6 /* CDVWKWebViewUIDelegate.m */,
				C33D6990DF544A5ABE7CDA6F /* CDVWKProcessPoolFactory.m */,
				2012ADD24AFA44C9A09E2698 /* GCDWebServer.m */,
				57EB05DC85F24097912BA195 /* GCDWebServerConnection.m */,
				1D59B602679D4C7CACB65524 /* GCDWebServerFunctions.m */,
				DA5CFB72C80442789B0FFC3B /* GCDWebServerRequest.m */,
				70D1FF8EBD894BAE991EC6DF /* GCDWebServerResponse.m */,
				F14DB780753D439D8F10D88D /* GCDWebServerDataRequest.m */,
				FC2A98DBB9F64F0DB7A7ED01 /* GCDWebServerFileRequest.m */,
				529C0368F72B45F384DB5E0E /* GCDWebServerMultiPartFormRequest.m */,
				5BBD4FD161DE404F8E8569F4 /* GCDWebServerURLEncodedFormRequest.m */,
				1E065EEDD9854F25A2E1ED78 /* GCDWebServerDataResponse.m */,
				FAC533BF79A4483E8E49E71E /* GCDWebServerErrorResponse.m */,
				315D5037D1E341309DB84A3B /* GCDWebServerFileResponse.m */,
				CA7C0D0427964E3498B35797 /* GCDWebServerStreamedResponse.m */,
				09221836D10B4550A5576A74 /* CDVWKWebViewEngine.h */,
				BAEEF1DD8FC04476A4188C8D /* CDVWKWebViewUIDelegate.h */,
				2A516F8C752E49ACB33C3FA0 /* CDVWKProcessPoolFactory.h */,
				3D5C7078C13541BB87E65D94 /* GCDWebServer.h */,
				D7141BE8BD2D4BE3AE1A0C73 /* GCDWebServerConnection.h */,
				82177C9F357141D0A2894EF1 /* GCDWebServerFunctions.h */,
				5279DA783CF7403FB902CF9B /* GCDWebServerHTTPStatusCodes.h */,
				E98361A250C24BC29BDADF9A /* GCDWebServerPrivate.h */,
				5FFB25698B4F4A699CAFDA38 /* GCDWebServerRequest.h */,
				2F44F3B4F7074A5BAB01581C /* GCDWebServerResponse.h */,
				A05B069DF28748ABB95D1D35 /* GCDWebServerDataRequest.h */,
				67DA5B16126748BD8ED1CC28 /* GCDWebServerFileRequest.h */,
				00670D48B4E2429594B77EE9 /* GCDWebServerMultiPartFormRequest.h */,
				F7BC2A7BB875446B8FD6A870 /* GCDWebServerURLEncodedFormRequest.h */,
				7616BB1A3F554457BAEF58E9 /* GCDWebServerDataResponse.h */,
				52385BD3908D4E348F40A94E /* GCDWebServerErrorResponse.h */,
				535CBA9FD9A04EDAA7EB1CD4 /* GCDWebServerFileResponse.h */,
				42CB72486D7C4A0CBF79F891 /* GCDWebServerStreamedResponse.h */,
				6119EE4C1C3E49E7A5977C2B /* NativeStorage.m */,
				0DF3B53A945141D38779D737 /* NativeStorage.h */,
				3C124D3E373F49A7922D1AF3 /* CDVSplashScreen.m */,
				412AF771C49D4DB4AC3DC135 /* CDVViewController+SplashScreen.m */,
				A441D2ED5E464BDAB25E76B9 /* CDVSplashScreen.h */,
				775435ED5E5640F0B9DCD84F /* CDVViewController+SplashScreen.h */,
				5DAAF2665FD84AB79AB918B6 /* IonicKeyboard.m */,
				950ECFDE3EC64E428ABE070A /* IonicKeyboard.h */,
				56009A35C2D54713AF2BC441 /* CDVStatusBar.m */,
				B6F442BD8C1044189DEC9908 /* CDVStatusBar.h */,
			);
			name = Plugins;
			path = CardWallet/Plugins;
			sourceTree = SOURCE_ROOT;
		};
		EB87FDF11871DA420020F90C /* Staging */ = {
			isa = PBXGroup;
			children = (
				F840E1F0165FE0F500CFE078 /* config.xml */,
				301BF56E109A69640062928A /* www */,
			);
			name = Staging;
			sourceTree = "<group>";
		};
/* End PBXGroup section */

/* Begin PBXNativeTarget section */
		1D6058900D05DD3D006BFB54 /* CardWallet */ = {
			isa = PBXNativeTarget;
			buildConfigurationList = 1D6058960D05DD3E006BFB54 /* Build configuration list for PBXNativeTarget "CardWallet" */;
			buildPhases = (
				304B58A110DAC018002A0835 /* Copy www directory */,
				1D60588D0D05DD3D006BFB54 /* Resources */,
				1D60588E0D05DD3D006BFB54 /* Sources */,
				1D60588F0D05DD3D006BFB54 /* Frameworks */,
			);
			buildRules = (
			);
			dependencies = (
				301BF551109A68C00062928A /* PBXTargetDependency */,
			);
			name = CardWallet;
			productName = CardWallet;
			productReference = 1D6058910D05DD3D006BFB54 /* CardWallet.app */;
			productType = "com.apple.product-type.application";
		};
/* End PBXNativeTarget section */

/* Begin PBXProject section */
		29B97313FDCFA39411CA2CEA /* Project object */ = {
			isa = PBXProject;
			attributes = {
				LastUpgradeCheck = 510;
				TargetAttributes = {
					1D6058900D05DD3D006BFB54 = {
						DevelopmentTeam = 278HK42V78;
					};
				};
			};
			buildConfigurationList = C01FCF4E08A954540054247B /* Build configuration list for PBXProject "CardWallet" */;
			compatibilityVersion = "Xcode 3.2";
			developmentRegion = English;
			hasScannedForEncodings = 1;
			knownRegions = (
				en,
			);
			mainGroup = 29B97314FDCFA39411CA2CEA /* CustomTemplate */;
			projectDirPath = "";
			projectReferences = (
				{
					ProductGroup = 301BF52E109A57CC0062928A /* Products */;
					ProjectRef = 301BF52D109A57CC0062928A /* CordovaLib/CordovaLib.xcodeproj */;
				},
			);
			projectRoot = "";
			targets = (
				1D6058900D05DD3D006BFB54 /* CardWallet */,
			);
		};
/* End PBXProject section */

/* Begin PBXReferenceProxy section */
		301BF535109A57CC0062928A /* libCordova.a */ = {
			isa = PBXReferenceProxy;
			fileType = archive.ar;
			path = libCordova.a;
			remoteRef = 301BF534109A57CC0062928A /* PBXContainerItemProxy */;
			sourceTree = BUILT_PRODUCTS_DIR;
		};
		92CBD3851FBBD355007D6F32 /* Cordova.framework */ = {
			isa = PBXReferenceProxy;
			fileType = wrapper.framework;
			path = Cordova.framework;
			remoteRef = 92CBD3841FBBD355007D6F32 /* PBXContainerItemProxy */;
			sourceTree = BUILT_PRODUCTS_DIR;
		};
/* End PBXReferenceProxy section */

/* Begin PBXResourcesBuildPhase section */
		1D60588D0D05DD3D006BFB54 /* Resources */ = {
			isa = PBXResourcesBuildPhase;
			buildActionMask = 2147483647;
			files = (
				302D95F214D2391D003F00A1 /* MainViewController.xib in Resources */,
				0207DA581B56EA530066E2B4 /* Images.xcassets in Resources */,
				6AFF5BF91D6E424B00AB3073 /* CDVLaunchScreen.storyboard in Resources */,
			);
			runOnlyForDeploymentPostprocessing = 0;
		};
/* End PBXResourcesBuildPhase section */

/* Begin PBXShellScriptBuildPhase section */
		304B58A110DAC018002A0835 /* Copy www directory */ = {
			isa = PBXShellScriptBuildPhase;
			buildActionMask = 2147483647;
			files = (
			);
			inputPaths = (
			);
			name = "Copy www directory";
			outputPaths = (
			);
			runOnlyForDeploymentPostprocessing = 0;
			shellPath = /bin/sh;
			shellScript = "NODEJS_PATH=/usr/local/bin; NVM_NODE_PATH=~/.nvm/versions/node/`nvm version 2>/dev/null`/bin; N_NODE_PATH=`find /usr/local/n/versions/node/* -maxdepth 0 -type d 2>/dev/null | tail -1`/bin; XCODE_NODE_PATH=`xcode-select --print-path`/usr/share/xcs/Node/bin; PATH=$NODEJS_PATH:$NVM_NODE_PATH:$N_NODE_PATH:$XCODE_NODE_PATH:$PATH && node cordova/lib/copy-www-build-step.js";
			showEnvVarsInLog = 0;
		};
/* End PBXShellScriptBuildPhase section */

/* Begin PBXSourcesBuildPhase section */
		1D60588E0D05DD3D006BFB54 /* Sources */ = {
			isa = PBXSourcesBuildPhase;
			buildActionMask = 2147483647;
			files = (
				1D60589B0D05DD56006BFB54 /* main.m in Sources */,
				1D3623260D0F684500981E51 /* AppDelegate.m in Sources */,
				302D95F114D2391D003F00A1 /* MainViewController.m in Sources */,
				138889AC695446ACA9C27A84 /* CardIOCordovaPlugin.m in Sources */,
				7B968267B409463F9220C6CE /* ActionSheet.m in Sources */,
				B1CAD06CC3EE4D10ABD9F04E /* CDVDevice.m in Sources */,
				5D715CB45C3846DB956B4EBF /* Fingerprint.swift in Sources */,
				8AB9BD5A9AFD44709C147E07 /* CDVWKWebViewEngine.m in Sources */,
				A53FA04DC26A4C88AD003638 /* CDVWKWebViewUIDelegate.m in Sources */,
				0FB75D29A2CA412C83BE1856 /* CDVWKProcessPoolFactory.m in Sources */,
				B176F0166B7249C681A0FB19 /* GCDWebServer.m in Sources */,
				1579D6ADE6664DB88983EA48 /* GCDWebServerConnection.m in Sources */,
				F590C92504484D878E5513EC /* GCDWebServerFunctions.m in Sources */,
				589DB341287C416694C313CE /* GCDWebServerRequest.m in Sources */,
				26123A8304664ED0A2572AFF /* GCDWebServerResponse.m in Sources */,
				47F633F36030472B871FF4FD /* GCDWebServerDataRequest.m in Sources */,
				64EA3993EF064267B7D3D96A /* GCDWebServerFileRequest.m in Sources */,
				B4CEF4BB2F454A2786145B87 /* GCDWebServerMultiPartFormRequest.m in Sources */,
				3258E828A3DF412DB16E69D8 /* GCDWebServerURLEncodedFormRequest.m in Sources */,
				AF3AE3D2955F45DD844D47A2 /* GCDWebServerDataResponse.m in Sources */,
				E6B1189B40F44ECF81BBF804 /* GCDWebServerErrorResponse.m in Sources */,
				D85F33BB7BDD4AEB8CB6EFE9 /* GCDWebServerFileResponse.m in Sources */,
				1A3B66D503DB4A7C961DAD78 /* GCDWebServerStreamedResponse.m in Sources */,
				9406399A2E394D7E93BBE800 /* NativeStorage.m in Sources */,
				5818B395AE3642E88D8E123A /* CDVSplashScreen.m in Sources */,
				C2F5110F070E47AE99D2C0DF /* CDVViewController+SplashScreen.m in Sources */,
				6B50DD11874A45CCA18BAEE1 /* IonicKeyboard.m in Sources */,
				7AD7A5D1E156472CB47209E1 /* CDVStatusBar.m in Sources */,
			);
			runOnlyForDeploymentPostprocessing = 0;
		};
/* End PBXSourcesBuildPhase section */

/* Begin PBXTargetDependency section */
		301BF551109A68C00062928A /* PBXTargetDependency */ = {
			isa = PBXTargetDependency;
			name = CordovaLib;
			targetProxy = 301BF550109A68C00062928A /* PBXContainerItemProxy */;
		};
/* End PBXTargetDependency section */

/* Begin XCBuildConfiguration section */
		1D6058940D05DD3E006BFB54 /* Debug */ = {
			isa = XCBuildConfiguration;
			baseConfigurationReference = 3047A50F1AB8059700498E2A /* build-debug.xcconfig */;
			buildSettings = {
				ALWAYS_EMBED_SWIFT_STANDARD_LIBRARIES = YES;
				ALWAYS_SEARCH_USER_PATHS = NO;
				ASSETCATALOG_COMPILER_APPICON_NAME = AppIcon;
				ASSETCATALOG_COMPILER_LAUNCHIMAGE_NAME = LaunchImage;
				CLANG_ENABLE_MODULES = YES;
				CLANG_ENABLE_OBJC_ARC = YES;
				COPY_PHASE_STRIP = NO;
				DEVELOPMENT_TEAM = 278HK42V78;
				GCC_DYNAMIC_NO_PIC = NO;
				GCC_OPTIMIZATION_LEVEL = 0;
				GCC_PRECOMPILE_PREFIX_HEADER = YES;
				GCC_PREFIX_HEADER = "CardWallet/CardWallet-Prefix.pch";
				GCC_THUMB_SUPPORT = NO;
				GCC_VERSION = "";
				INFOPLIST_FILE = "CardWallet/CardWallet-Info.plist";
				IPHONEOS_DEPLOYMENT_TARGET = 9.0;
				LD_RUNPATH_SEARCH_PATHS = "@executable_path/Frameworks";
				LIBRARY_SEARCH_PATHS = (
					"$(inherited)",
					"\"$(SRCROOT)/CardWallet/Plugins/card.io.cordova.mobilesdk\"",
					"\"$(SRCROOT)/CardWallet/Plugins/card.io.cordova.mobilesdk\"",
					"\"$(SRCROOT)/CardWallet/Plugins/card.io.cordova.mobilesdk\"",
				);
				PRODUCT_NAME = CardWallet;
				SWIFT_OBJC_BRIDGING_HEADER = "$(PROJECT_DIR)/$(PROJECT_NAME)/Bridging-Header.h";
				SWIFT_OPTIMIZATION_LEVEL = "-Onone";
				SWIFT_VERSION = 3.0;
				TARGETED_DEVICE_FAMILY = "1,2";
			};
			name = Debug;
		};
		1D6058950D05DD3E006BFB54 /* Release */ = {
			isa = XCBuildConfiguration;
			baseConfigurationReference = 3047A5101AB8059700498E2A /* build-release.xcconfig */;
			buildSettings = {
				ALWAYS_EMBED_SWIFT_STANDARD_LIBRARIES = YES;
				ALWAYS_SEARCH_USER_PATHS = NO;
				ASSETCATALOG_COMPILER_APPICON_NAME = AppIcon;
				ASSETCATALOG_COMPILER_LAUNCHIMAGE_NAME = LaunchImage;
				CLANG_ENABLE_MODULES = YES;
				CLANG_ENABLE_OBJC_ARC = YES;
				COPY_PHASE_STRIP = YES;
				DEVELOPMENT_TEAM = 278HK42V78;
				GCC_PRECOMPILE_PREFIX_HEADER = YES;
				GCC_PREFIX_HEADER = "CardWallet/CardWallet-Prefix.pch";
				GCC_THUMB_SUPPORT = NO;
				GCC_VERSION = "";
				INFOPLIST_FILE = "CardWallet/CardWallet-Info.plist";
				IPHONEOS_DEPLOYMENT_TARGET = 9.0;
				LD_RUNPATH_SEARCH_PATHS = "@executable_path/Frameworks";
				LIBRARY_SEARCH_PATHS = (
					"$(inherited)",
					"\"$(SRCROOT)/CardWallet/Plugins/card.io.cordova.mobilesdk\"",
					"\"$(SRCROOT)/CardWallet/Plugins/card.io.cordova.mobilesdk\"",
					"\"$(SRCROOT)/CardWallet/Plugins/card.io.cordova.mobilesdk\"",
				);
				PRODUCT_NAME = CardWallet;
				SWIFT_OBJC_BRIDGING_HEADER = "$(PROJECT_DIR)/$(PROJECT_NAME)/Bridging-Header.h";
				SWIFT_VERSION = 3.0;
				TARGETED_DEVICE_FAMILY = "1,2";
			};
			name = Release;
		};
		C01FCF4F08A954540054247B /* Debug */ = {
			isa = XCBuildConfiguration;
			baseConfigurationReference = 3047A5111AB8059700498E2A /* build.xcconfig */;
			buildSettings = {
				ALWAYS_EMBED_SWIFT_STANDARD_LIBRARIES = YES;
				CLANG_ENABLE_MODULES = YES;
				CLANG_ENABLE_OBJC_ARC = YES;
				CLANG_WARN_BOOL_CONVERSION = YES;
				CLANG_WARN_CONSTANT_CONVERSION = YES;
				CLANG_WARN_EMPTY_BODY = YES;
				CLANG_WARN_ENUM_CONVERSION = YES;
				CLANG_WARN_INT_CONVERSION = YES;
				CLANG_WARN__DUPLICATE_METHOD_MATCH = YES;
				GCC_C_LANGUAGE_STANDARD = c99;
				GCC_THUMB_SUPPORT = NO;
				GCC_VERSION = "";
				GCC_WARN_ABOUT_RETURN_TYPE = YES;
				GCC_WARN_UNDECLARED_SELECTOR = YES;
				GCC_WARN_UNINITIALIZED_AUTOS = YES;
				GCC_WARN_UNUSED_FUNCTION = YES;
				GCC_WARN_UNUSED_VARIABLE = YES;
				ONLY_ACTIVE_ARCH = YES;
				SDKROOT = iphoneos;
				SKIP_INSTALL = NO;
				SWIFT_OBJC_BRIDGING_HEADER = "$(PROJECT_DIR)/$(PROJECT_NAME)/Bridging-Header.h";
				SWIFT_OPTIMIZATION_LEVEL = "-Onone";
				SWIFT_VERSION = 3.0;
			};
			name = Debug;
		};
		C01FCF5008A954540054247B /* Release */ = {
			isa = XCBuildConfiguration;
			baseConfigurationReference = 3047A5111AB8059700498E2A /* build.xcconfig */;
			buildSettings = {
				ALWAYS_EMBED_SWIFT_STANDARD_LIBRARIES = YES;
				CLANG_ENABLE_MODULES = YES;
				CLANG_ENABLE_OBJC_ARC = YES;
				CLANG_WARN_BOOL_CONVERSION = YES;
				CLANG_WARN_CONSTANT_CONVERSION = YES;
				CLANG_WARN_EMPTY_BODY = YES;
				CLANG_WARN_ENUM_CONVERSION = YES;
				CLANG_WARN_INT_CONVERSION = YES;
				CLANG_WARN__DUPLICATE_METHOD_MATCH = YES;
				GCC_C_LANGUAGE_STANDARD = c99;
				GCC_THUMB_SUPPORT = NO;
				GCC_VERSION = "";
				GCC_WARN_ABOUT_RETURN_TYPE = YES;
				GCC_WARN_UNDECLARED_SELECTOR = YES;
				GCC_WARN_UNINITIALIZED_AUTOS = YES;
				GCC_WARN_UNUSED_FUNCTION = YES;
				GCC_WARN_UNUSED_VARIABLE = YES;
				SDKROOT = iphoneos;
				SKIP_INSTALL = NO;
				SWIFT_OBJC_BRIDGING_HEADER = "$(PROJECT_DIR)/$(PROJECT_NAME)/Bridging-Header.h";
				SWIFT_VERSION = 3.0;
			};
			name = Release;
		};
/* End XCBuildConfiguration section */

/* Begin XCConfigurationList section */
		1D6058960D05DD3E006BFB54 /* Build configuration list for PBXNativeTarget "CardWallet" */ = {
			isa = XCConfigurationList;
			buildConfigurations = (
				1D6058940D05DD3E006BFB54 /* Debug */,
				1D6058950D05DD3E006BFB54 /* Release */,
			);
			defaultConfigurationIsVisible = 0;
			defaultConfigurationName = Release;
		};
		C01FCF4E08A954540054247B /* Build configuration list for PBXProject "CardWallet" */ = {
			isa = XCConfigurationList;
			buildConfigurations = (
				C01FCF4F08A954540054247B /* Debug */,
				C01FCF5008A954540054247B /* Release */,
			);
			defaultConfigurationIsVisible = 0;
			defaultConfigurationName = Release;
		};
/* End XCConfigurationList section */
	};
	rootObject = 29B97313FDCFA39411CA2CEA /* Project object */;
}
